[[source]] # Package sources
url = "https://pypi.python.org/simple"
verify_ssl = true
name = "pypi"

[requires]  # Required python version..
python_version = "3.6"


[packages] # Packages requirments..
aiohttp=="*"
appdirs=="*"
async-timeout=="*"
asyncpg=="*"
attrs=="*"
certifi=="*"
cffi=="*"
chardet=="*"
click=="*"
discord.py=="*"
distlib=="*"
filelock=="*"
Flask=="*"
idna=="*"
idna-ssl=="*"
importlib-metadata=="*"
importlib-resources=="*"
itsdangerous=="*"
Jinja2=="*"
MarkupSafe=="*"
multidict=="*"
pipenv=="*"
pycparser=="*"
PyNaCl=="*"
python-dotenv=="*"
six=="*"
typing-extensions=="*"
virtualenv=="*"
virtualenv-clone=="*"
websockets=="*"
Werkzeug=="*"
yarl=="*"
youtube-dl=="*"
zipp=="*"

